// !$*UTF8*$!
{
	archiveVersion = 1;
	classes = {
	};
	objectVersion = 56;
	objects = {

/* Begin PBXBuildFile section */
		1874A8082AA5DF5600F3C0CF /* AppDelegate.swift in Sources */ = {isa = PBXBuildFile; fileRef = 1874A8072AA5DF5600F3C0CF /* AppDelegate.swift */; };
		1874A80A2AA5DF5600F3C0CF /* SceneDelegate.swift in Sources */ = {isa = PBXBuildFile; fileRef = 1874A8092AA5DF5600F3C0CF /* SceneDelegate.swift */; };
		1874A80F2AA5DF5600F3C0CF /* Main.storyboard in Resources */ = {isa = PBXBuildFile; fileRef = 1874A80D2AA5DF5600F3C0CF /* Main.storyboard */; };
		1874A8112AA5DF5700F3C0CF /* Assets.xcassets in Resources */ = {isa = PBXBuildFile; fileRef = 1874A8102AA5DF5700F3C0CF /* Assets.xcassets */; };
		1874A8142AA5DF5800F3C0CF /* LaunchScreen.storyboard in Resources */ = {isa = PBXBuildFile; fileRef = 1874A8122AA5DF5800F3C0CF /* LaunchScreen.storyboard */; };
		1874A81C2AA5E3D400F3C0CF /* MainViewController.swift in Sources */ = {isa = PBXBuildFile; fileRef = 1874A81B2AA5E3D400F3C0CF /* MainViewController.swift */; };
		1874A8202AA5E40300F3C0CF /* HeroViewCell.swift in Sources */ = {isa = PBXBuildFile; fileRef = 1874A81F2AA5E40300F3C0CF /* HeroViewCell.swift */; };
		1874A8222AA5E59B00F3C0CF /* Superhero.swift in Sources */ = {isa = PBXBuildFile; fileRef = 1874A8212AA5E59B00F3C0CF /* Superhero.swift */; };
		1874A8252AA5E77A00F3C0CF /* Kingfisher in Frameworks */ = {isa = PBXBuildFile; productRef = 1874A8242AA5E77A00F3C0CF /* Kingfisher */; };
		1874A8272AA5E83E00F3C0CF /* NetworkManager.swift in Sources */ = {isa = PBXBuildFile; fileRef = 1874A8262AA5E83E00F3C0CF /* NetworkManager.swift */; };
/* End PBXBuildFile section */

/* Begin PBXFileReference section */
		1874A8042AA5DF5600F3C0CF /* FindYourHero.app */ = {isa = PBXFileReference; explicitFileType = wrapper.application; includeInIndex = 0; path = FindYourHero.app; sourceTree = BUILT_PRODUCTS_DIR; };
		1874A8072AA5DF5600F3C0CF /* AppDelegate.swift */ = {isa = PBXFileReference; lastKnownFileType = sourcecode.swift; path = AppDelegate.swift; sourceTree = "<group>"; };
		1874A8092AA5DF5600F3C0CF /* SceneDelegate.swift */ = {isa = PBXFileReference; lastKnownFileType = sourcecode.swift; path = SceneDelegate.swift; sourceTree = "<group>"; };
		1874A80E2AA5DF5600F3C0CF /* Base */ = {isa = PBXFileReference; lastKnownFileType = file.storyboard; name = Base; path = Base.lproj/Main.storyboard; sourceTree = "<group>"; };
		1874A8102AA5DF5700F3C0CF /* Assets.xcassets */ = {isa = PBXFileReference; lastKnownFileType = folder.assetcatalog; path = Assets.xcassets; sourceTree = "<group>"; };
		1874A8132AA5DF5800F3C0CF /* Base */ = {isa = PBXFileReference; lastKnownFileType = file.storyboard; name = Base; path = Base.lproj/LaunchScreen.storyboard; sourceTree = "<group>"; };
		1874A8152AA5DF5800F3C0CF /* Info.plist */ = {isa = PBXFileReference; lastKnownFileType = text.plist.xml; path = Info.plist; sourceTree = "<group>"; };
		1874A81B2AA5E3D400F3C0CF /* MainViewController.swift */ = {isa = PBXFileReference; lastKnownFileType = sourcecode.swift; path = MainViewController.swift; sourceTree = "<group>"; };
		1874A81F2AA5E40300F3C0CF /* HeroViewCell.swift */ = {isa = PBXFileReference; lastKnownFileType = sourcecode.swift; path = HeroViewCell.swift; sourceTree = "<group>"; };
		1874A8212AA5E59B00F3C0CF /* Superhero.swift */ = {isa = PBXFileReference; lastKnownFileType = sourcecode.swift; path = Superhero.swift; sourceTree = "<group>"; };
		1874A8262AA5E83E00F3C0CF /* NetworkManager.swift */ = {isa = PBXFileReference; lastKnownFileType = sourcecode.swift; path = NetworkManager.swift; sourceTree = "<group>"; };
/* End PBXFileReference section */

/* Begin PBXFrameworksBuildPhase section */
		1874A8012AA5DF5600F3C0CF /* Frameworks */ = {
			isa = PBXFrameworksBuildPhase;
			buildActionMask = 2147483647;
			files = (
				1874A8252AA5E77A00F3C0CF /* Kingfisher in Frameworks */,
			);
			runOnlyForDeploymentPostprocessing = 0;
		};
/* End PBXFrameworksBuildPhase section */

/* Begin PBXGroup section */
		1874A7FB2AA5DF5600F3C0CF = {
			isa = PBXGroup;
			children = (
				1874A8062AA5DF5600F3C0CF /* FindYourHero */,
				1874A8052AA5DF5600F3C0CF /* Products */,
			);
			sourceTree = "<group>";
		};
		1874A8052AA5DF5600F3C0CF /* Products */ = {
			isa = PBXGroup;
			children = (
				1874A8042AA5DF5600F3C0CF /* FindYourHero.app */,
			);
			name = Products;
			sourceTree = "<group>";
		};
		1874A8062AA5DF5600F3C0CF /* FindYourHero */ = {
			isa = PBXGroup;
			children = (
				1874A8072AA5DF5600F3C0CF /* AppDelegate.swift */,
				1874A8092AA5DF5600F3C0CF /* SceneDelegate.swift */,
				1874A80D2AA5DF5600F3C0CF /* Main.storyboard */,
				1874A81B2AA5E3D400F3C0CF /* MainViewController.swift */,
				1874A81F2AA5E40300F3C0CF /* HeroViewCell.swift */,
				1874A8262AA5E83E00F3C0CF /* NetworkManager.swift */,
				1874A8212AA5E59B00F3C0CF /* Superhero.swift */,
				1874A8102AA5DF5700F3C0CF /* Assets.xcassets */,
				1874A8122AA5DF5800F3C0CF /* LaunchScreen.storyboard */,
				1874A8152AA5DF5800F3C0CF /* Info.plist */,
			);
			path = FindYourHero;
			sourceTree = "<group>";
		};
/* End PBXGroup section */

/* Begin PBXNativeTarget section */
		1874A8032AA5DF5600F3C0CF /* FindYourHero */ = {
			isa = PBXNativeTarget;
			buildConfigurationList = 1874A8182AA5DF5800F3C0CF /* Build configuration list for PBXNativeTarget "FindYourHero" */;
			buildPhases = (
				1874A8002AA5DF5600F3C0CF /* Sources */,
				1874A8012AA5DF5600F3C0CF /* Frameworks */,
				1874A8022AA5DF5600F3C0CF /* Resources */,
			);
			buildRules = (
			);
			dependencies = (
			);
			name = FindYourHero;
			packageProductDependencies = (
				1874A8242AA5E77A00F3C0CF /* Kingfisher */,
			);
			productName = FindYourHero;
			productReference = 1874A8042AA5DF5600F3C0CF /* FindYourHero.app */;
			productType = "com.apple.product-type.application";
		};
/* End PBXNativeTarget section */

/* Begin PBXProject section */
		1874A7FC2AA5DF5600F3C0CF /* Project object */ = {
			isa = PBXProject;
			attributes = {
				BuildIndependentTargetsInParallel = 1;
				LastSwiftUpdateCheck = 1430;
				LastUpgradeCheck = 1430;
				TargetAttributes = {
					1874A8032AA5DF5600F3C0CF = {
						CreatedOnToolsVersion = 14.3.1;
					};
				};
			};
			buildConfigurationList = 1874A7FF2AA5DF5600F3C0CF /* Build configuration list for PBXProject "FindYourHero" */;
			compatibilityVersion = "Xcode 14.0";
			developmentRegion = en;
			hasScannedForEncodings = 0;
			knownRegions = (
				en,
				Base,
			);
			mainGroup = 1874A7FB2AA5DF5600F3C0CF;
			packageReferences = (
				1874A8232AA5E77A00F3C0CF /* XCRemoteSwiftPackageReference "Kingfisher" */,
			);
			productRefGroup = 1874A8052AA5DF5600F3C0CF /* Products */;
			projectDirPath = "";
			projectRoot = "";
			targets = (
				1874A8032AA5DF5600F3C0CF /* FindYourHero */,
			);
		};
/* End PBXProject section */

/* Begin PBXResourcesBuildPhase section */
		1874A8022AA5DF5600F3C0CF /* Resources */ = {
			isa = PBXResourcesBuildPhase;
			buildActionMask = 2147483647;
			files = (
				1874A8142AA5DF5800F3C0CF /* LaunchScreen.storyboard in Resources */,
				1874A8112AA5DF5700F3C0CF /* Assets.xcassets in Resources */,
				1874A80F2AA5DF5600F3C0CF /* Main.storyboard in Resources */,
			);
			runOnlyForDeploymentPostprocessing = 0;
		};
/* End PBXResourcesBuildPhase section */

/* Begin PBXSourcesBuildPhase section */
		1874A8002AA5DF5600F3C0CF /* Sources */ = {
			isa = PBXSourcesBuildPhase;
			buildActionMask = 2147483647;
			files = (
				1874A8272AA5E83E00F3C0CF /* NetworkManager.swift in Sources */,
				1874A8222AA5E59B00F3C0CF /* Superhero.swift in Sources */,
				1874A81C2AA5E3D400F3C0CF /* MainViewController.swift in Sources */,
				1874A8082AA5DF5600F3C0CF /* AppDelegate.swift in Sources */,
				1874A8202AA5E40300F3C0CF /* HeroViewCell.swift in Sources */,
				1874A80A2AA5DF5600F3C0CF /* SceneDelegate.swift in Sources */,
			);
			runOnlyForDeploymentPostprocessing = 0;
		};
/* End PBXSourcesBuildPhase section */

/* Begin PBXVariantGroup section */
		1874A80D2AA5DF5600F3C0CF /* Main.storyboard */ = {
			isa = PBXVariantGroup;
			children = (
				1874A80E2AA5DF5600F3C0CF /* Base */,
			);
			name = Main.storyboard;
			sourceTree = "<group>";
		};
		1874A8122AA5DF5800F3C0CF /* LaunchScreen.storyboard */ = {
			isa = PBXVariantGroup;
			children = (
				1874A8132AA5DF5800F3C0CF /* Base */,
			);
			name = LaunchScreen.storyboard;
			sourceTree = "<group>";
		};
/* End PBXVariantGroup section */

/* Begin XCBuildConfiguration section */
		1874A8162AA5DF5800F3C0CF /* Debug */ = {
			isa = XCBuildConfiguration;
			buildSettings = {
				ALWAYS_SEARCH_USER_PATHS = NO;
				CLANG_ANALYZER_NONNULL = YES;
				CLANG_ANALYZER_NUMBER_OBJECT_CONVERSION = YES_AGGRESSIVE;
				CLANG_CXX_LANGUAGE_STANDARD = "gnu++20";
				CLANG_ENABLE_MODULES = YES;
				CLANG_ENABLE_OBJC_ARC = YES;
				CLANG_ENABLE_OBJC_WEAK = YES;
				CLANG_WARN_BLOCK_CAPTURE_AUTORELEASING = YES;
				CLANG_WARN_BOOL_CONVERSION = YES;
				CLANG_WARN_COMMA = YES;
				CLANG_WARN_CONSTANT_CONVERSION = YES;
				CLANG_WARN_DEPRECATED_OBJC_IMPLEMENTATIONS = YES;
				CLANG_WARN_DIRECT_OBJC_ISA_USAGE = YES_ERROR;
				CLANG_WARN_DOCUMENTATION_COMMENTS = YES;
				CLANG_WARN_EMPTY_BODY = YES;
				CLANG_WARN_ENUM_CONVERSION = YES;
				CLANG_WARN_INFINITE_RECURSION = YES;
				CLANG_WARN_INT_CONVERSION = YES;
				CLANG_WARN_NON_LITERAL_NULL_CONVERSION = YES;
				CLANG_WARN_OBJC_IMPLICIT_RETAIN_SELF = YES;
				CLANG_WARN_OBJC_LITERAL_CONVERSION = YES;
				CLANG_WARN_OBJC_ROOT_CLASS = YES_ERROR;
				CLANG_WARN_QUOTED_INCLUDE_IN_FRAMEWORK_HEADER = YES;
				CLANG_WARN_RANGE_LOOP_ANALYSIS = YES;
				CLANG_WARN_STRICT_PROTOTYPES = YES;
				CLANG_WARN_SUSPICIOUS_MOVE = YES;
				CLANG_WARN_UNGUARDED_AVAILABILITY = YES_AGGRESSIVE;
				CLANG_WARN_UNREACHABLE_CODE = YES;
				CLANG_WARN__DUPLICATE_METHOD_MATCH = YES;
				COPY_PHASE_STRIP = NO;
				DEBUG_INFORMATION_FORMAT = dwarf;
				ENABLE_STRICT_OBJC_MSGSEND = YES;
				ENABLE_TESTABILITY = YES;
				GCC_C_LANGUAGE_STANDARD = gnu11;
				GCC_DYNAMIC_NO_PIC = NO;
				GCC_NO_COMMON_BLOCKS = YES;
				GCC_OPTIMIZATION_LEVEL = 0;
				GCC_PREPROCESSOR_DEFINITIONS = (
					"DEBUG=1",
					"$(inherited)",
				);
				GCC_WARN_64_TO_32_BIT_CONVERSION = YES;
				GCC_WARN_ABOUT_RETURN_TYPE = YES_ERROR;
				GCC_WARN_UNDECLARED_SELECTOR = YES;
				GCC_WARN_UNINITIALIZED_AUTOS = YES_AGGRESSIVE;
				GCC_WARN_UNUSED_FUNCTION = YES;
				GCC_WARN_UNUSED_VARIABLE = YES;
				IPHONEOS_DEPLOYMENT_TARGET = 16.4;
				MTL_ENABLE_DEBUG_INFO = INCLUDE_SOURCE;
				MTL_FAST_MATH = YES;
				ONLY_ACTIVE_ARCH = YES;
				SDKROOT = iphoneos;
				SWIFT_ACTIVE_COMPILATION_CONDITIONS = DEBUG;
				SWIFT_OPTIMIZATION_LEVEL = "-Onone";
			};
			name = Debug;
		};
		1874A8172AA5DF5800F3C0CF /* Release */ = {
			isa = XCBuildConfiguration;
			buildSettings = {
				ALWAYS_SEARCH_USER_PATHS = NO;
				CLANG_ANALYZER_NONNULL = YES;
				CLANG_ANALYZER_NUMBER_OBJECT_CONVERSION = YES_AGGRESSIVE;
				CLANG_CXX_LANGUAGE_STANDARD = "gnu++20";
				CLANG_ENABLE_MODULES = YES;
				CLANG_ENABLE_OBJC_ARC = YES;
				CLANG_ENABLE_OBJC_WEAK = YES;
				CLANG_WARN_BLOCK_CAPTURE_AUTORELEASING = YES;
				CLANG_WARN_BOOL_CONVERSION = YES;
				CLANG_WARN_COMMA = YES;
				CLANG_WARN_CONSTANT_CONVERSION = YES;
				CLANG_WARN_DEPRECATED_OBJC_IMPLEMENTATIONS = YES;
				CLANG_WARN_DIRECT_OBJC_ISA_USAGE = YES_ERROR;
				CLANG_WARN_DOCUMENTATION_COMMENTS = YES;
				CLANG_WARN_EMPTY_BODY = YES;
				CLANG_WARN_ENUM_CONVERSION = YES;
				CLANG_WARN_INFINITE_RECURSION = YES;
				CLANG_WARN_INT_CONVERSION = YES;
				CLANG_WARN_NON_LITERAL_NULL_CONVERSION = YES;
				CLANG_WARN_OBJC_IMPLICIT_RETAIN_SELF = YES;
				CLANG_WARN_OBJC_LITERAL_CONVERSION = YES;
				CLANG_WARN_OBJC_ROOT_CLASS = YES_ERROR;
				CLANG_WARN_QUOTED_INCLUDE_IN_FRAMEWORK_HEADER = YES;
				CLANG_WARN_RANGE_LOOP_ANALYSIS = YES;
				CLANG_WARN_STRICT_PROTOTYPES = YES;
				CLANG_WARN_SUSPICIOUS_MOVE = YES;
				CLANG_WARN_UNGUARDED_AVAILABILITY = YES_AGGRESSIVE;
				CLANG_WARN_UNREACHABLE_CODE = YES;
				CLANG_WARN__DUPLICATE_METHOD_MATCH = YES;
				COPY_PHASE_STRIP = NO;
				DEBUG_INFORMATION_FORMAT = "dwarf-with-dsym";
				ENABLE_NS_ASSERTIONS = NO;
				ENABLE_STRICT_OBJC_MSGSEND = YES;
				GCC_C_LANGUAGE_STANDARD = gnu11;
				GCC_NO_COMMON_BLOCKS = YES;
				GCC_WARN_64_TO_32_BIT_CONVERSION = YES;
				GCC_WARN_ABOUT_RETURN_TYPE = YES_ERROR;
				GCC_WARN_UNDECLARED_SELECTOR = YES;
				GCC_WARN_UNINITIALIZED_AUTOS = YES_AGGRESSIVE;
				GCC_WARN_UNUSED_FUNCTION = YES;
				GCC_WARN_UNUSED_VARIABLE = YES;
				IPHONEOS_DEPLOYMENT_TARGET = 16.4;
				MTL_ENABLE_DEBUG_INFO = NO;
				MTL_FAST_MATH = YES;
				SDKROOT = iphoneos;
				SWIFT_COMPILATION_MODE = wholemodule;
				SWIFT_OPTIMIZATION_LEVEL = "-O";
				VALIDATE_PRODUCT = YES;
			};
			name = Release;
		};
		1874A8192AA5DF5800F3C0CF /* Debug */ = {
			isa = XCBuildConfiguration;
			buildSettings = {
				ASSETCATALOG_COMPILER_APPICON_NAME = AppIcon;
				ASSETCATALOG_COMPILER_GLOBAL_ACCENT_COLOR_NAME = AccentColor;
				CODE_SIGN_STYLE = Automatic;
				CURRENT_PROJECT_VERSION = 1;
				DEVELOPMENT_TEAM = JM4H555TYA;
				GENERATE_INFOPLIST_FILE = YES;
				INFOPLIST_FILE = FindYourHero/Info.plist;
				INFOPLIST_KEY_UIApplicationSupportsIndirectInputEvents = YES;
				INFOPLIST_KEY_UILaunchStoryboardName = LaunchScreen;
				INFOPLIST_KEY_UIMainStoryboardFile = Main;
				INFOPLIST_KEY_UISupportedInterfaceOrientations_iPad = "UIInterfaceOrientationPortrait UIInterfaceOrientationPortraitUpsideDown UIInterfaceOrientationLandscapeLeft UIInterfaceOrientationLandscapeRight";
				INFOPLIST_KEY_UISupportedInterfaceOrientations_iPhone = "UIInterfaceOrientationPortrait UIInterfaceOrientationLandscapeLeft UIInterfaceOrientationLandscapeRight";
				LD_RUNPATH_SEARCH_PATHS = (
					"$(inherited)",
					"@executable_path/Frameworks",
				);
				MARKETING_VERSION = 1.0;
				PRODUCT_BUNDLE_IDENTIFIER = com.dyrachyo.FindYourHero;
				PRODUCT_NAME = "$(TARGET_NAME)";
				SUPPORTED_PLATFORMS = "iphoneos iphonesimulator";
				SUPPORTS_MACCATALYST = NO;
				SUPPORTS_MAC_DESIGNED_FOR_IPHONE_IPAD = NO;
				SWIFT_EMIT_LOC_STRINGS = YES;
				SWIFT_VERSION = 5.0;
				TARGETED_DEVICE_FAMILY = 1;
			};
			name = Debug;
		};
		1874A81A2AA5DF5800F3C0CF /* Release */ = {
			isa = XCBuildConfiguration;
			buildSettings = {
				ASSETCATALOG_COMPILER_APPICON_NAME = AppIcon;
				ASSETCATALOG_COMPILER_GLOBAL_ACCENT_COLOR_NAME = AccentColor;
				CODE_SIGN_STYLE = Automatic;
				CURRENT_PROJECT_VERSION = 1;
				DEVELOPMENT_TEAM = JM4H555TYA;
				GENERATE_INFOPLIST_FILE = YES;
				INFOPLIST_FILE = FindYourHero/Info.plist;
				INFOPLIST_KEY_UIApplicationSupportsIndirectInputEvents = YES;
				INFOPLIST_KEY_UILaunchStoryboardName = LaunchScreen;
				INFOPLIST_KEY_UIMainStoryboardFile = Main;
				INFOPLIST_KEY_UISupportedInterfaceOrientations_iPad = "UIInterfaceOrientationPortrait UIInterfaceOrientationPortraitUpsideDown UIInterfaceOrientationLandscapeLeft UIInterfaceOrientationLandscapeRight";
				INFOPLIST_KEY_UISupportedInterfaceOrientations_iPhone = "UIInterfaceOrientationPortrait UIInterfaceOrientationLandscapeLeft UIInterfaceOrientationLandscapeRight";
				LD_RUNPATH_SEARCH_PATHS = (
					"$(inherited)",
					"@executable_path/Frameworks",
				);
				MARKETING_VERSION = 1.0;
				PRODUCT_BUNDLE_IDENTIFIER = com.dyrachyo.FindYourHero;
				PRODUCT_NAME = "$(TARGET_NAME)";
				SUPPORTED_PLATFORMS = "iphoneos iphonesimulator";
				SUPPORTS_MACCATALYST = NO;
				SUPPORTS_MAC_DESIGNED_FOR_IPHONE_IPAD = NO;
				SWIFT_EMIT_LOC_STRINGS = YES;
				SWIFT_VERSION = 5.0;
				TARGETED_DEVICE_FAMILY = 1;
			};
			name = Release;
		};
/* End XCBuildConfiguration section */

/* Begin XCConfigurationList section */
		1874A7FF2AA5DF5600F3C0CF /* Build configuration list for PBXProject "FindYourHero" */ = {
			isa = XCConfigurationList;
			buildConfigurations = (
				1874A8162AA5DF5800F3C0CF /* Debug */,
				1874A8172AA5DF5800F3C0CF /* Release */,
			);
			defaultConfigurationIsVisible = 0;
			defaultConfigurationName = Release;
		};
		1874A8182AA5DF5800F3C0CF /* Build configuration list for PBXNativeTarget "FindYourHero" */ = {
			isa = XCConfigurationList;
			buildConfigurations = (
				1874A8192AA5DF5800F3C0CF /* Debug */,
				1874A81A2AA5DF5800F3C0CF /* Release */,
			);
			defaultConfigurationIsVisible = 0;
			defaultConfigurationName = Release;
		};
/* End XCConfigurationList section */

/* Begin XCRemoteSwiftPackageReference section */
		1874A8232AA5E77A00F3C0CF /* XCRemoteSwiftPackageReference "Kingfisher" */ = {
			isa = XCRemoteSwiftPackageReference;
			repositoryURL = "https://github.com/onevcat/Kingfisher.git";
			requirement = {
				kind = upToNextMajorVersion;
				minimumVersion = 7.0.0;
			};
		};
/* End XCRemoteSwiftPackageReference section */

/* Begin XCSwiftPackageProductDependency section */
		1874A8242AA5E77A00F3C0CF /* Kingfisher */ = {
			isa = XCSwiftPackageProductDependency;
			package = 1874A8232AA5E77A00F3C0CF /* XCRemoteSwiftPackageReference "Kingfisher" */;
			productName = Kingfisher;
		};
/* End XCSwiftPackageProductDependency section */
	};
	rootObject = 1874A7FC2AA5DF5600F3C0CF /* Project object */;
}
